
Microsoft Visual Studio Solution File, Format Version 12.00
# Visual Studio Version 16
VisualStudioVersion = 16.0.30204.135
MinimumVisualStudioVersion = 10.0.40219.1
Project("{FAE04EC0-301F-11D3-BF4B-00C04F79EFBC}") = "TestAutomationProject", "TestAutomationProject.csproj", "{D590CB20-59DF-4660-8E13-5308C8AA5CE0}"
EndProject
Global
	GlobalSection(SolutionConfigurationPlatforms) = preSolution
		Debug|Any CPU = Debug|Any CPU
		Release|Any CPU = Release|Any CPU
	EndGlobalSection
	GlobalSection(ProjectConfigurationPlatforms) = postSolution
		{D590CB20-59DF-4660-8E13-5308C8AA5CE0}.Debug|Any CPU.ActiveCfg = Debug|Any CPU
		{D590CB20-59DF-4660-8E13-5308C8AA5CE0}.Debug|Any CPU.Build.0 = Debug|Any CPU
		{D590CB20-59DF-4660-8E13-5308C8AA5CE0}.Release|Any CPU.ActiveCfg = Release|Any CPU
		{D590CB20-59DF-4660-8E13-5308C8AA5CE0}.Release|Any CPU.Build.0 = Release|Any CPU
	EndGlobalSection
	GlobalSection(SolutionProperties) = preSolution
		HideSolutionNode = FALSE
	EndGlobalSection
	GlobalSection(ExtensibilityGlobals) = postSolution
		SolutionGuid = {5BB8C5B2-2EA4-4AEF-AFE6-E09C2C7D2903}
	EndGlobalSection
EndGlobal
